// !$*UTF8*$!
{
	archiveVersion = 1;
	classes = {
	};
	objectVersion = 46;
	objects = {

/* Begin PBXBuildFile section */
		28F503CD1D81EB1A00B0AC16 /* main.m in Sources */ = {isa = PBXBuildFile; fileRef = 28F503CC1D81EB1A00B0AC16 /* main.m */; };
		28F503D51D81EBFB00B0AC16 /* Doctor.m in Sources */ = {isa = PBXBuildFile; fileRef = 28F503D41D81EBFB00B0AC16 /* Doctor.m */; };
		28F503D81D81EC1200B0AC16 /* Patient.m in Sources */ = {isa = PBXBuildFile; fileRef = 28F503D71D81EC1200B0AC16 /* Patient.m */; };
/* End PBXBuildFile section */

/* Begin PBXCopyFilesBuildPhase section */
		28F503C71D81EB1A00B0AC16 /* CopyFiles */ = {
			isa = PBXCopyFilesBuildPhase;
			buildActionMask = 2147483647;
			dstPath = /usr/share/man/man1/;
			dstSubfolderSpec = 0;
			files = (
			);
			runOnlyForDeploymentPostprocessing = 1;
		};
/* End PBXCopyFilesBuildPhase section */

/* Begin PBXFileReference section */
		28F503C91D81EB1A00B0AC16 /* PatientAndDoctor */ = {isa = PBXFileReference; explicitFileType = "compiled.mach-o.executable"; includeInIndex = 0; path = PatientAndDoctor; sourceTree = BUILT_PRODUCTS_DIR; };
		28F503CC1D81EB1A00B0AC16 /* main.m */ = {isa = PBXFileReference; lastKnownFileType = sourcecode.c.objc; path = main.m; sourceTree = "<group>"; };
		28F503D31D81EBFB00B0AC16 /* Doctor.h */ = {isa = PBXFileReference; fileEncoding = 4; lastKnownFileType = sourcecode.c.h; path = Doctor.h; sourceTree = "<group>"; };
		28F503D41D81EBFB00B0AC16 /* Doctor.m */ = {isa = PBXFileReference; fileEncoding = 4; lastKnownFileType = sourcecode.c.objc; path = Doctor.m; sourceTree = "<group>"; };
		28F503D61D81EC1200B0AC16 /* Patient.h */ = {isa = PBXFileReference; fileEncoding = 4; lastKnownFileType = sourcecode.c.h; path = Patient.h; sourceTree = "<group>"; };
		28F503D71D81EC1200B0AC16 /* Patient.m */ = {isa = PBXFileReference; fileEncoding = 4; lastKnownFileType = sourcecode.c.objc; path = Patient.m; sourceTree = "<group>"; };
/* End PBXFileReference section */

/* Begin PBXFrameworksBuildPhase section */
		28F503C61D81EB1A00B0AC16 /* Frameworks */ = {
			isa = PBXFrameworksBuildPhase;
			buildActionMask = 2147483647;
			files = (
			);
			runOnlyForDeploymentPostprocessing = 0;
		};
/* End PBXFrameworksBuildPhase section */

/* Begin PBXGroup section */
		28F503C01D81EB1A00B0AC16 = {
			isa = PBXGroup;
			children = (
				28F503CB1D81EB1A00B0AC16 /* PatientAndDoctor */,
				28F503CA1D81EB1A00B0AC16 /* Products */,
			);
			sourceTree = "<group>";
		};
		28F503CA1D81EB1A00B0AC16 /* Products */ = {
			isa = PBXGroup;
			children = (
				28F503C91D81EB1A00B0AC16 /* PatientAndDoctor */,
			);
			name = Products;
			sourceTree = "<group>";
		};
		28F503CB1D81EB1A00B0AC16 /* PatientAndDoctor */ = {
			isa = PBXGroup;
			children = (
				28F503CC1D81EB1A00B0AC16 /* main.m */,
				28F503D31D81EBFB00B0AC16 /* Doctor.h */,
				28F503D41D81EBFB00B0AC16 /* Doctor.m */,
				28F503D61D81EC1200B0AC16 /* Patient.h */,
				28F503D71D81EC1200B0AC16 /* Patient.m */,
			);
			path = PatientAndDoctor;
			sourceTree = "<group>";
		};
/* End PBXGroup section */

/* Begin PBXNativeTarget section */
		28F503C81D81EB1A00B0AC16 /* PatientAndDoctor */ = {
			isa = PBXNativeTarget;
			buildConfigurationList = 28F503D01D81EB1A00B0AC16 /* Build configuration list for PBXNativeTarget "PatientAndDoctor" */;
			buildPhases = (
				28F503C51D81EB1A00B0AC16 /* Sources */,
				28F503C61D81EB1A00B0AC16 /* Frameworks */,
				28F503C71D81EB1A00B0AC16 /* CopyFiles */,
			);
			buildRules = (
			);
			dependencies = (
			);
			name = PatientAndDoctor;
			productName = PatientAndDoctor;
			productReference = 28F503C91D81EB1A00B0AC16 /* PatientAndDoctor */;
			productType = "com.apple.product-type.tool";
		};
/* End PBXNativeTarget section */

/* Begin PBXProject section */
		28F503C11D81EB1A00B0AC16 /* Project object */ = {
			isa = PBXProject;
			attributes = {
				LastUpgradeCheck = 0730;
				ORGANIZATIONNAME = "Shaun Campbell";
				TargetAttributes = {
					28F503C81D81EB1A00B0AC16 = {
						CreatedOnToolsVersion = 7.3.1;
					};
				};
			};
			buildConfigurationList = 28F503C41D81EB1A00B0AC16 /* Build configuration list for PBXProject "PatientAndDoctor" */;
			compatibilityVersion = "Xcode 3.2";
			developmentRegion = English;
			hasScannedForEncodings = 0;
			knownRegions = (
				en,
			);
			mainGroup = 28F503C01D81EB1A00B0AC16;
			productRefGroup = 28F503CA1D81EB1A00B0AC16 /* Products */;
			projectDirPath = "";
			projectRoot = "";
			targets = (
				28F503C81D81EB1A00B0AC16 /* PatientAndDoctor */,
			);
		};
/* End PBXProject section */

/* Begin PBXSourcesBuildPhase section */
		28F503C51D81EB1A00B0AC16 /* Sources */ = {
			isa = PBXSourcesBuildPhase;
			buildActionMask = 2147483647;
			files = (
				28F503D81D81EC1200B0AC16 /* Patient.m in Sources */,
				28F503D51D81EBFB00B0AC16 /* Doctor.m in Sources */,
				28F503CD1D81EB1A00B0AC16 /* main.m in Sources */,
			);
			runOnlyForDeploymentPostprocessing = 0;
		};
/* End PBXSourcesBuildPhase section */

/* Begin XCBuildConfiguration section */
		28F503CE1D81EB1A00B0AC16 /* Debug */ = {
			isa = XCBuildConfiguration;
			buildSettings = {
				ALWAYS_SEARCH_USER_PATHS = NO;
				CLANG_ANALYZER_NONNULL = YES;
				CLANG_CXX_LANGUAGE_STANDARD = "gnu++0x";
				CLANG_CXX_LIBRARY = "libc++";
				CLANG_ENABLE_MODULES = YES;
				CLANG_ENABLE_OBJC_ARC = YES;
				CLANG_WARN_BOOL_CONVERSION = YES;
				CLANG_WARN_CONSTANT_CONVERSION = YES;
				CLANG_WARN_DIRECT_OBJC_ISA_USAGE = YES_ERROR;
				CLANG_WARN_EMPTY_BODY = YES;
				CLANG_WARN_ENUM_CONVERSION = YES;
				CLANG_WARN_INT_CONVERSION = YES;
				CLANG_WARN_OBJC_ROOT_CLASS = YES_ERROR;
				CLANG_WARN_UNREACHABLE_CODE = YES;
				CLANG_WARN__DUPLICATE_METHOD_MATCH = YES;
				CODE_SIGN_IDENTITY = "-";
				COPY_PHASE_STRIP = NO;
				DEBUG_INFORMATION_FORMAT = dwarf;
				ENABLE_STRICT_OBJC_MSGSEND = YES;
				ENABLE_TESTABILITY = YES;
				GCC_C_LANGUAGE_STANDARD = gnu99;
				GCC_DYNAMIC_NO_PIC = NO;
				GCC_NO_COMMON_BLOCKS = YES;
				GCC_OPTIMIZATION_LEVEL = 0;
				GCC_PREPROCESSOR_DEFINITIONS = (
					"DEBUG=1",
					"$(inherited)",
				);
				GCC_WARN_64_TO_32_BIT_CONVERSION = YES;
				GCC_WARN_ABOUT_RETURN_TYPE = YES_ERROR;
				GCC_WARN_UNDECLARED_SELECTOR = YES;
				GCC_WARN_UNINITIALIZED_AUTOS = YES_AGGRESSIVE;
				GCC_WARN_UNUSED_FUNCTION = YES;
				GCC_WARN_UNUSED_VARIABLE = YES;
				MACOSX_DEPLOYMENT_TARGET = 10.11;
				MTL_ENABLE_DEBUG_INFO = YES;
				ONLY_ACTIVE_ARCH = YES;
				SDKROOT = macosx;
			};
			name = Debug;
		};
		28F503CF1D81EB1A00B0AC16 /* Release */ = {
			isa = XCBuildConfiguration;
			buildSettings = {
				ALWAYS_SEARCH_USER_PATHS = NO;
				CLANG_ANALYZER_NONNULL = YES;
				CLANG_CXX_LANGUAGE_STANDARD = "gnu++0x";
				CLANG_CXX_LIBRARY = "libc++";
				CLANG_ENABLE_MODULES = YES;
				CLANG_ENABLE_OBJC_ARC = YES;
				CLANG_WARN_BOOL_CONVERSION = YES;
				CLANG_WARN_CONSTANT_CONVERSION = YES;
				CLANG_WARN_DIRECT_OBJC_ISA_USAGE = YES_ERROR;
				CLANG_WARN_EMPTY_BODY = YES;
				CLANG_WARN_ENUM_CONVERSION = YES;
				CLANG_WARN_INT_CONVERSION = YES;
				CLANG_WARN_OBJC_ROOT_CLASS = YES_ERROR;
				CLANG_WARN_UNREACHABLE_CODE = YES;
				CLANG_WARN__DUPLICATE_METHOD_MATCH = YES;
				CODE_SIGN_IDENTITY = "-";
				COPY_PHASE_STRIP = NO;
				DEBUG_INFORMATION_FORMAT = "dwarf-with-dsym";
				ENABLE_NS_ASSERTIONS = NO;
				ENABLE_STRICT_OBJC_MSGSEND = YES;
				GCC_C_LANGUAGE_STANDARD = gnu99;
				GCC_NO_COMMON_BLOCKS = YES;
				GCC_WARN_64_TO_32_BIT_CONVERSION = YES;
				GCC_WARN_ABOUT_RETURN_TYPE = YES_ERROR;
				GCC_WARN_UNDECLARED_SELECTOR = YES;
				GCC_WARN_UNINITIALIZED_AUTOS = YES_AGGRESSIVE;
				GCC_WARN_UNUSED_FUNCTION = YES;
				GCC_WARN_UNUSED_VARIABLE = YES;
				MACOSX_DEPLOYMENT_TARGET = 10.11;
				MTL_ENABLE_DEBUG_INFO = NO;
				SDKROOT = macosx;
			};
			name = Release;
		};
		28F503D11D81EB1A00B0AC16 /* Debug */ = {
			isa = XCBuildConfiguration;
			buildSettings = {
				PRODUCT_NAME = "$(TARGET_NAME)";
			};
			name = Debug;
		};
		28F503D21D81EB1A00B0AC16 /* Release */ = {
			isa = XCBuildConfiguration;
			buildSettings = {
				PRODUCT_NAME = "$(TARGET_NAME)";
			};
			name = Release;
		};
/* End XCBuildConfiguration section */

/* Begin XCConfigurationList section */
		28F503C41D81EB1A00B0AC16 /* Build configuration list for PBXProject "PatientAndDoctor" */ = {
			isa = XCConfigurationList;
			buildConfigurations = (
				28F503CE1D81EB1A00B0AC16 /* Debug */,
				28F503CF1D81EB1A00B0AC16 /* Release */,
			);
			defaultConfigurationIsVisible = 0;
			defaultConfigurationName = Release;
		};
		28F503D01D81EB1A00B0AC16 /* Build configuration list for PBXNativeTarget "PatientAndDoctor" */ = {
			isa = XCConfigurationList;
			buildConfigurations = (
				28F503D11D81EB1A00B0AC16 /* Debug */,
				28F503D21D81EB1A00B0AC16 /* Release */,
			);
			defaultConfigurationIsVisible = 0;
		};
/* End XCConfigurationList section */
	};
	rootObject = 28F503C11D81EB1A00B0AC16 /* Project object */;
}
